// !$*UTF8*$!
{
	archiveVersion = 1;
	classes = {
	};
	objectVersion = 51;
	objects = {

/* Begin PBXBuildFile section */
		4E7875B6C88991290D168F88 /* Pods_V2EX.framework in Frameworks */ = {isa = PBXBuildFile; fileRef = 17AC36A37E3D41943F18D6B9 /* Pods_V2EX.framework */; };
		8A69D3952418A33C00208BA7 /* SideMenuViewController.swift in Sources */ = {isa = PBXBuildFile; fileRef = 8A69D3942418A33C00208BA7 /* SideMenuViewController.swift */; };
		8A69D3972418A38F00208BA7 /* SideMenuNavigationController.swift in Sources */ = {isa = PBXBuildFile; fileRef = 8A69D3962418A38F00208BA7 /* SideMenuNavigationController.swift */; };
		8A69D3992418AB7600208BA7 /* TopicsViewController.swift in Sources */ = {isa = PBXBuildFile; fileRef = 8A69D3982418AB7600208BA7 /* TopicsViewController.swift */; };
		8A69D39B2418ABB900208BA7 /* RootTopicsViewController.swift in Sources */ = {isa = PBXBuildFile; fileRef = 8A69D39A2418ABB900208BA7 /* RootTopicsViewController.swift */; };
		8A69D39D2418B5F100208BA7 /* String+Additions.swift in Sources */ = {isa = PBXBuildFile; fileRef = 8A69D39C2418B5F100208BA7 /* String+Additions.swift */; };
		8A69D39F2418C39700208BA7 /* ErrorView.xib in Resources */ = {isa = PBXBuildFile; fileRef = 8A69D39E2418C39700208BA7 /* ErrorView.xib */; };
		8A69D3A22418C4B000208BA7 /* Node.swift in Sources */ = {isa = PBXBuildFile; fileRef = 8A69D3A12418C4B000208BA7 /* Node.swift */; };
		8A69D3A42418C4C500208BA7 /* Topic.swift in Sources */ = {isa = PBXBuildFile; fileRef = 8A69D3A32418C4C500208BA7 /* Topic.swift */; };
		8A69D3A62418C4CF00208BA7 /* User.swift in Sources */ = {isa = PBXBuildFile; fileRef = 8A69D3A52418C4CF00208BA7 /* User.swift */; };
		8A69D3A92418CADC00208BA7 /* Error.swift in Sources */ = {isa = PBXBuildFile; fileRef = 8A69D3A82418CADB00208BA7 /* Error.swift */; };
		8A69D3AB2418CBFE00208BA7 /* ErrorView.swift in Sources */ = {isa = PBXBuildFile; fileRef = 8A69D3AA2418CBFE00208BA7 /* ErrorView.swift */; };
		8A69D3AD2418CDC600208BA7 /* TopicCell.swift in Sources */ = {isa = PBXBuildFile; fileRef = 8A69D3AC2418CDC600208BA7 /* TopicCell.swift */; };
		8A69D3B02418E58500208BA7 /* APIRequest.swift in Sources */ = {isa = PBXBuildFile; fileRef = 8A69D3AF2418E58500208BA7 /* APIRequest.swift */; };
		8A69D3B22418E8AB00208BA7 /* UIScrollView+Additions.swift in Sources */ = {isa = PBXBuildFile; fileRef = 8A69D3B12418E8AA00208BA7 /* UIScrollView+Additions.swift */; };
		8A9669DB24179C71000089B7 /* AppDelegate.swift in Sources */ = {isa = PBXBuildFile; fileRef = 8A9669DA24179C71000089B7 /* AppDelegate.swift */; };
		8A9669DF24179C71000089B7 /* ViewController.swift in Sources */ = {isa = PBXBuildFile; fileRef = 8A9669DE24179C71000089B7 /* ViewController.swift */; };
		8A9669E224179C71000089B7 /* Main.storyboard in Resources */ = {isa = PBXBuildFile; fileRef = 8A9669E024179C71000089B7 /* Main.storyboard */; };
		8A9669E424179C75000089B7 /* Assets.xcassets in Resources */ = {isa = PBXBuildFile; fileRef = 8A9669E324179C75000089B7 /* Assets.xcassets */; };
		8A9669E724179C75000089B7 /* LaunchScreen.storyboard in Resources */ = {isa = PBXBuildFile; fileRef = 8A9669E524179C75000089B7 /* LaunchScreen.storyboard */; };
		8A9669F024187522000089B7 /* Constants.swift in Sources */ = {isa = PBXBuildFile; fileRef = 8A9669EF24187522000089B7 /* Constants.swift */; };
		8A9669F32418768F000089B7 /* RootViewController.swift in Sources */ = {isa = PBXBuildFile; fileRef = 8A9669F22418768F000089B7 /* RootViewController.swift */; };
		8A9669F5241878FD000089B7 /* ThemeNavigationController.swift in Sources */ = {isa = PBXBuildFile; fileRef = 8A9669F4241878FD000089B7 /* ThemeNavigationController.swift */; };
		8A9669F824188673000089B7 /* UIBarButtonItem+Additions.swift in Sources */ = {isa = PBXBuildFile; fileRef = 8A9669F724188673000089B7 /* UIBarButtonItem+Additions.swift */; };
		8A9669FA24188A25000089B7 /* UIImage+Additions.swift in Sources */ = {isa = PBXBuildFile; fileRef = 8A9669F924188A25000089B7 /* UIImage+Additions.swift */; };
		8AA74AED2419F0D100A0743F /* SiteInfo.swift in Sources */ = {isa = PBXBuildFile; fileRef = 8AA74AEC2419F0D000A0743F /* SiteInfo.swift */; };
		8ADFDD42241A02340098D5B0 /* SiteStatus.swift in Sources */ = {isa = PBXBuildFile; fileRef = 8ADFDD41241A02340098D5B0 /* SiteStatus.swift */; };
		8ADFDD44241A0E800098D5B0 /* Reply.swift in Sources */ = {isa = PBXBuildFile; fileRef = 8ADFDD43241A0E800098D5B0 /* Reply.swift */; };
		8ADFDD46241A15DE0098D5B0 /* APIService.swift in Sources */ = {isa = PBXBuildFile; fileRef = 8ADFDD45241A15DE0098D5B0 /* APIService.swift */; };
		8ADFDD48241B46B70098D5B0 /* MBHUD.swift in Sources */ = {isa = PBXBuildFile; fileRef = 8ADFDD47241B46B70098D5B0 /* MBHUD.swift */; };
		8ADFDD4A241B5CF60098D5B0 /* TopicsFilterViewController.swift in Sources */ = {isa = PBXBuildFile; fileRef = 8ADFDD49241B5CF60098D5B0 /* TopicsFilterViewController.swift */; };
		8ADFDD4C241B6D430098D5B0 /* TopicsFilterNodeCell.swift in Sources */ = {isa = PBXBuildFile; fileRef = 8ADFDD4B241B6D430098D5B0 /* TopicsFilterNodeCell.swift */; };
		8ADFDD4E241B6D720098D5B0 /* TopicsFilterNodeSectionHeaderView.swift in Sources */ = {isa = PBXBuildFile; fileRef = 8ADFDD4D241B6D720098D5B0 /* TopicsFilterNodeSectionHeaderView.swift */; };
		8ADFDD51241F20B30098D5B0 /* Localizable.strings in Resources */ = {isa = PBXBuildFile; fileRef = 8ADFDD53241F20B30098D5B0 /* Localizable.strings */; };
/* End PBXBuildFile section */

/* Begin PBXFileReference section */
		17AC36A37E3D41943F18D6B9 /* Pods_V2EX.framework */ = {isa = PBXFileReference; explicitFileType = wrapper.framework; includeInIndex = 0; path = Pods_V2EX.framework; sourceTree = BUILT_PRODUCTS_DIR; };
		431F4DDD95D973B47D9F013C /* Pods-V2EX.release.xcconfig */ = {isa = PBXFileReference; includeInIndex = 1; lastKnownFileType = text.xcconfig; name = "Pods-V2EX.release.xcconfig"; path = "Target Support Files/Pods-V2EX/Pods-V2EX.release.xcconfig"; sourceTree = "<group>"; };
		8A69D3942418A33C00208BA7 /* SideMenuViewController.swift */ = {isa = PBXFileReference; lastKnownFileType = sourcecode.swift; path = SideMenuViewController.swift; sourceTree = "<group>"; };
		8A69D3962418A38F00208BA7 /* SideMenuNavigationController.swift */ = {isa = PBXFileReference; lastKnownFileType = sourcecode.swift; path = SideMenuNavigationController.swift; sourceTree = "<group>"; };
		8A69D3982418AB7600208BA7 /* TopicsViewController.swift */ = {isa = PBXFileReference; lastKnownFileType = sourcecode.swift; path = TopicsViewController.swift; sourceTree = "<group>"; };
		8A69D39A2418ABB900208BA7 /* RootTopicsViewController.swift */ = {isa = PBXFileReference; lastKnownFileType = sourcecode.swift; path = RootTopicsViewController.swift; sourceTree = "<group>"; };
		8A69D39C2418B5F100208BA7 /* String+Additions.swift */ = {isa = PBXFileReference; lastKnownFileType = sourcecode.swift; path = "String+Additions.swift"; sourceTree = "<group>"; };
		8A69D39E2418C39700208BA7 /* ErrorView.xib */ = {isa = PBXFileReference; fileEncoding = 4; lastKnownFileType = file.xib; path = ErrorView.xib; sourceTree = "<group>"; };
		8A69D3A12418C4B000208BA7 /* Node.swift */ = {isa = PBXFileReference; lastKnownFileType = sourcecode.swift; path = Node.swift; sourceTree = "<group>"; };
		8A69D3A32418C4C500208BA7 /* Topic.swift */ = {isa = PBXFileReference; lastKnownFileType = sourcecode.swift; path = Topic.swift; sourceTree = "<group>"; };
		8A69D3A52418C4CF00208BA7 /* User.swift */ = {isa = PBXFileReference; lastKnownFileType = sourcecode.swift; path = User.swift; sourceTree = "<group>"; };
		8A69D3A82418CADB00208BA7 /* Error.swift */ = {isa = PBXFileReference; lastKnownFileType = sourcecode.swift; path = Error.swift; sourceTree = "<group>"; };
		8A69D3AA2418CBFE00208BA7 /* ErrorView.swift */ = {isa = PBXFileReference; lastKnownFileType = sourcecode.swift; path = ErrorView.swift; sourceTree = "<group>"; };
		8A69D3AC2418CDC600208BA7 /* TopicCell.swift */ = {isa = PBXFileReference; lastKnownFileType = sourcecode.swift; path = TopicCell.swift; sourceTree = "<group>"; };
		8A69D3AF2418E58500208BA7 /* APIRequest.swift */ = {isa = PBXFileReference; lastKnownFileType = sourcecode.swift; path = APIRequest.swift; sourceTree = "<group>"; };
		8A69D3B12418E8AA00208BA7 /* UIScrollView+Additions.swift */ = {isa = PBXFileReference; lastKnownFileType = sourcecode.swift; path = "UIScrollView+Additions.swift"; sourceTree = "<group>"; };
		8A9669D724179C71000089B7 /* V2EX.app */ = {isa = PBXFileReference; explicitFileType = wrapper.application; includeInIndex = 0; path = V2EX.app; sourceTree = BUILT_PRODUCTS_DIR; };
		8A9669DA24179C71000089B7 /* AppDelegate.swift */ = {isa = PBXFileReference; lastKnownFileType = sourcecode.swift; path = AppDelegate.swift; sourceTree = "<group>"; };
		8A9669DE24179C71000089B7 /* ViewController.swift */ = {isa = PBXFileReference; lastKnownFileType = sourcecode.swift; path = ViewController.swift; sourceTree = "<group>"; };
		8A9669E124179C71000089B7 /* Base */ = {isa = PBXFileReference; lastKnownFileType = file.storyboard; name = Base; path = Base.lproj/Main.storyboard; sourceTree = "<group>"; };
		8A9669E324179C75000089B7 /* Assets.xcassets */ = {isa = PBXFileReference; lastKnownFileType = folder.assetcatalog; path = Assets.xcassets; sourceTree = "<group>"; };
		8A9669E624179C75000089B7 /* Base */ = {isa = PBXFileReference; lastKnownFileType = file.storyboard; name = Base; path = Base.lproj/LaunchScreen.storyboard; sourceTree = "<group>"; };
		8A9669E824179C75000089B7 /* Info.plist */ = {isa = PBXFileReference; lastKnownFileType = text.plist.xml; path = Info.plist; sourceTree = "<group>"; };
		8A9669EF24187522000089B7 /* Constants.swift */ = {isa = PBXFileReference; lastKnownFileType = sourcecode.swift; path = Constants.swift; sourceTree = "<group>"; };
		8A9669F22418768F000089B7 /* RootViewController.swift */ = {isa = PBXFileReference; lastKnownFileType = sourcecode.swift; path = RootViewController.swift; sourceTree = "<group>"; };
		8A9669F4241878FD000089B7 /* ThemeNavigationController.swift */ = {isa = PBXFileReference; lastKnownFileType = sourcecode.swift; path = ThemeNavigationController.swift; sourceTree = "<group>"; };
		8A9669F724188673000089B7 /* UIBarButtonItem+Additions.swift */ = {isa = PBXFileReference; lastKnownFileType = sourcecode.swift; path = "UIBarButtonItem+Additions.swift"; sourceTree = "<group>"; };
		8A9669F924188A25000089B7 /* UIImage+Additions.swift */ = {isa = PBXFileReference; lastKnownFileType = sourcecode.swift; path = "UIImage+Additions.swift"; sourceTree = "<group>"; };
		8AA74AEC2419F0D000A0743F /* SiteInfo.swift */ = {isa = PBXFileReference; lastKnownFileType = sourcecode.swift; path = SiteInfo.swift; sourceTree = "<group>"; };
		8ADFDD41241A02340098D5B0 /* SiteStatus.swift */ = {isa = PBXFileReference; lastKnownFileType = sourcecode.swift; path = SiteStatus.swift; sourceTree = "<group>"; };
		8ADFDD43241A0E800098D5B0 /* Reply.swift */ = {isa = PBXFileReference; lastKnownFileType = sourcecode.swift; path = Reply.swift; sourceTree = "<group>"; };
		8ADFDD45241A15DE0098D5B0 /* APIService.swift */ = {isa = PBXFileReference; lastKnownFileType = sourcecode.swift; path = APIService.swift; sourceTree = "<group>"; };
		8ADFDD47241B46B70098D5B0 /* MBHUD.swift */ = {isa = PBXFileReference; lastKnownFileType = sourcecode.swift; path = MBHUD.swift; sourceTree = "<group>"; };
		8ADFDD49241B5CF60098D5B0 /* TopicsFilterViewController.swift */ = {isa = PBXFileReference; lastKnownFileType = sourcecode.swift; path = TopicsFilterViewController.swift; sourceTree = "<group>"; };
		8ADFDD4B241B6D430098D5B0 /* TopicsFilterNodeCell.swift */ = {isa = PBXFileReference; lastKnownFileType = sourcecode.swift; path = TopicsFilterNodeCell.swift; sourceTree = "<group>"; };
		8ADFDD4D241B6D720098D5B0 /* TopicsFilterNodeSectionHeaderView.swift */ = {isa = PBXFileReference; lastKnownFileType = sourcecode.swift; path = TopicsFilterNodeSectionHeaderView.swift; sourceTree = "<group>"; };
		8ADFDD52241F20B30098D5B0 /* en */ = {isa = PBXFileReference; lastKnownFileType = text.plist.strings; name = en; path = en.lproj/Localizable.strings; sourceTree = "<group>"; };
		8ADFDD54241F21060098D5B0 /* zh-Hans */ = {isa = PBXFileReference; lastKnownFileType = text.plist.strings; name = "zh-Hans"; path = "zh-Hans.lproj/Main.strings"; sourceTree = "<group>"; };
		8ADFDD55241F21060098D5B0 /* zh-Hans */ = {isa = PBXFileReference; lastKnownFileType = text.plist.strings; name = "zh-Hans"; path = "zh-Hans.lproj/LaunchScreen.strings"; sourceTree = "<group>"; };
		8ADFDD56241F21060098D5B0 /* zh-Hans */ = {isa = PBXFileReference; lastKnownFileType = text.plist.strings; name = "zh-Hans"; path = "zh-Hans.lproj/Localizable.strings"; sourceTree = "<group>"; };
		CB0E25AB03F3EB187C42C370 /* Pods-V2EX.debug.xcconfig */ = {isa = PBXFileReference; includeInIndex = 1; lastKnownFileType = text.xcconfig; name = "Pods-V2EX.debug.xcconfig"; path = "Target Support Files/Pods-V2EX/Pods-V2EX.debug.xcconfig"; sourceTree = "<group>"; };
/* End PBXFileReference section */

/* Begin PBXFrameworksBuildPhase section */
		8A9669D424179C71000089B7 /* Frameworks */ = {
			isa = PBXFrameworksBuildPhase;
			buildActionMask = 2147483647;
			files = (
				4E7875B6C88991290D168F88 /* Pods_V2EX.framework in Frameworks */,
			);
			runOnlyForDeploymentPostprocessing = 0;
		};
/* End PBXFrameworksBuildPhase section */

/* Begin PBXGroup section */
		74BDC9B9F547EB97B414D784 /* Frameworks */ = {
			isa = PBXGroup;
			children = (
				17AC36A37E3D41943F18D6B9 /* Pods_V2EX.framework */,
			);
			name = Frameworks;
			sourceTree = "<group>";
		};
		8A69D3A02418C49700208BA7 /* Models */ = {
			isa = PBXGroup;
			children = (
				8A69D3A12418C4B000208BA7 /* Node.swift */,
				8A69D3A32418C4C500208BA7 /* Topic.swift */,
				8A69D3A52418C4CF00208BA7 /* User.swift */,
				8AA74AEC2419F0D000A0743F /* SiteInfo.swift */,
				8ADFDD41241A02340098D5B0 /* SiteStatus.swift */,
				8ADFDD43241A0E800098D5B0 /* Reply.swift */,
			);
			path = Models;
			sourceTree = "<group>";
		};
		8A69D3A72418CAC700208BA7 /* Views */ = {
			isa = PBXGroup;
			children = (
				8A69D3A82418CADB00208BA7 /* Error.swift */,
				8A69D3AA2418CBFE00208BA7 /* ErrorView.swift */,
				8A69D3AC2418CDC600208BA7 /* TopicCell.swift */,
				8ADFDD47241B46B70098D5B0 /* MBHUD.swift */,
				8ADFDD4B241B6D430098D5B0 /* TopicsFilterNodeCell.swift */,
				8ADFDD4D241B6D720098D5B0 /* TopicsFilterNodeSectionHeaderView.swift */,
			);
			path = Views;
			sourceTree = "<group>";
		};
		8A69D3AE2418E57000208BA7 /* API */ = {
			isa = PBXGroup;
			children = (
				8A69D3AF2418E58500208BA7 /* APIRequest.swift */,
				8ADFDD45241A15DE0098D5B0 /* APIService.swift */,
			);
			path = API;
			sourceTree = "<group>";
		};
		8A9669CE24179C71000089B7 = {
			isa = PBXGroup;
			children = (
				8A9669D924179C71000089B7 /* V2EX */,
				8A9669D824179C71000089B7 /* Products */,
				B7F3EA3DE2FC444A74B6F836 /* Pods */,
				74BDC9B9F547EB97B414D784 /* Frameworks */,
			);
			sourceTree = "<group>";
		};
		8A9669D824179C71000089B7 /* Products */ = {
			isa = PBXGroup;
			children = (
				8A9669D724179C71000089B7 /* V2EX.app */,
			);
			name = Products;
			sourceTree = "<group>";
		};
		8A9669D924179C71000089B7 /* V2EX */ = {
			isa = PBXGroup;
			children = (
				8A9669EF24187522000089B7 /* Constants.swift */,
				8A9669DA24179C71000089B7 /* AppDelegate.swift */,
				8A9669DE24179C71000089B7 /* ViewController.swift */,
				8A69D3A02418C49700208BA7 /* Models */,
				8A69D3A72418CAC700208BA7 /* Views */,
				8A9669F124187676000089B7 /* Controllers */,
				8A69D3AE2418E57000208BA7 /* API */,
				8A9669F624188629000089B7 /* Extensions */,
				8A9669EE241874A0000089B7 /* Supporting Files */,
			);
			path = V2EX;
			sourceTree = "<group>";
		};
		8A9669EE241874A0000089B7 /* Supporting Files */ = {
			isa = PBXGroup;
			children = (
				8A69D39E2418C39700208BA7 /* ErrorView.xib */,
				8A9669E024179C71000089B7 /* Main.storyboard */,
				8A9669E324179C75000089B7 /* Assets.xcassets */,
				8A9669E524179C75000089B7 /* LaunchScreen.storyboard */,
				8A9669E824179C75000089B7 /* Info.plist */,
				8ADFDD53241F20B30098D5B0 /* Localizable.strings */,
			);
			path = "Supporting Files";
			sourceTree = "<group>";
		};
		8A9669F124187676000089B7 /* Controllers */ = {
			isa = PBXGroup;
			children = (
				8A9669F22418768F000089B7 /* RootViewController.swift */,
				8A9669F4241878FD000089B7 /* ThemeNavigationController.swift */,
				8A69D3942418A33C00208BA7 /* SideMenuViewController.swift */,
				8A69D3962418A38F00208BA7 /* SideMenuNavigationController.swift */,
				8A69D3982418AB7600208BA7 /* TopicsViewController.swift */,
				8A69D39A2418ABB900208BA7 /* RootTopicsViewController.swift */,
				8ADFDD49241B5CF60098D5B0 /* TopicsFilterViewController.swift */,
			);
			path = Controllers;
			sourceTree = "<group>";
		};
		8A9669F624188629000089B7 /* Extensions */ = {
			isa = PBXGroup;
			children = (
				8A9669F724188673000089B7 /* UIBarButtonItem+Additions.swift */,
				8A9669F924188A25000089B7 /* UIImage+Additions.swift */,
				8A69D39C2418B5F100208BA7 /* String+Additions.swift */,
				8A69D3B12418E8AA00208BA7 /* UIScrollView+Additions.swift */,
			);
			path = Extensions;
			sourceTree = "<group>";
		};
		B7F3EA3DE2FC444A74B6F836 /* Pods */ = {
			isa = PBXGroup;
			children = (
				CB0E25AB03F3EB187C42C370 /* Pods-V2EX.debug.xcconfig */,
				431F4DDD95D973B47D9F013C /* Pods-V2EX.release.xcconfig */,
			);
			path = Pods;
			sourceTree = "<group>";
		};
/* End PBXGroup section */

/* Begin PBXNativeTarget section */
		8A9669D624179C71000089B7 /* V2EX */ = {
			isa = PBXNativeTarget;
			buildConfigurationList = 8A9669EB24179C75000089B7 /* Build configuration list for PBXNativeTarget "V2EX" */;
			buildPhases = (
				1700B5D8A085AF521159878E /* [CP] Check Pods Manifest.lock */,
				8A9669D324179C71000089B7 /* Sources */,
				8A9669D424179C71000089B7 /* Frameworks */,
				8A9669D524179C71000089B7 /* Resources */,
				9887FA05AA79D99EA27FB91B /* [CP] Embed Pods Frameworks */,
			);
			buildRules = (
			);
			dependencies = (
			);
			name = V2EX;
			productName = V2EX;
			productReference = 8A9669D724179C71000089B7 /* V2EX.app */;
			productType = "com.apple.product-type.application";
		};
/* End PBXNativeTarget section */

/* Begin PBXProject section */
		8A9669CF24179C71000089B7 /* Project object */ = {
			isa = PBXProject;
			attributes = {
				LastSwiftUpdateCheck = 1110;
				LastUpgradeCheck = 1110;
				ORGANIZATIONNAME = webbleen;
				TargetAttributes = {
					8A9669D624179C71000089B7 = {
						CreatedOnToolsVersion = 11.1;
					};
				};
			};
			buildConfigurationList = 8A9669D224179C71000089B7 /* Build configuration list for PBXProject "V2EX" */;
			compatibilityVersion = "Xcode 9.3";
			developmentRegion = en;
			hasScannedForEncodings = 0;
			knownRegions = (
				en,
				Base,
				"zh-Hans",
			);
			mainGroup = 8A9669CE24179C71000089B7;
			productRefGroup = 8A9669D824179C71000089B7 /* Products */;
			projectDirPath = "";
			projectRoot = "";
			targets = (
				8A9669D624179C71000089B7 /* V2EX */,
			);
		};
/* End PBXProject section */

/* Begin PBXResourcesBuildPhase section */
		8A9669D524179C71000089B7 /* Resources */ = {
			isa = PBXResourcesBuildPhase;
			buildActionMask = 2147483647;
			files = (
				8ADFDD51241F20B30098D5B0 /* Localizable.strings in Resources */,
				8A9669E724179C75000089B7 /* LaunchScreen.storyboard in Resources */,
				8A9669E424179C75000089B7 /* Assets.xcassets in Resources */,
				8A9669E224179C71000089B7 /* Main.storyboard in Resources */,
				8A69D39F2418C39700208BA7 /* ErrorView.xib in Resources */,
			);
			runOnlyForDeploymentPostprocessing = 0;
		};
/* End PBXResourcesBuildPhase section */

/* Begin PBXShellScriptBuildPhase section */
		1700B5D8A085AF521159878E /* [CP] Check Pods Manifest.lock */ = {
			isa = PBXShellScriptBuildPhase;
			buildActionMask = 2147483647;
			files = (
			);
			inputFileListPaths = (
			);
			inputPaths = (
				"${PODS_PODFILE_DIR_PATH}/Podfile.lock",
				"${PODS_ROOT}/Manifest.lock",
			);
			name = "[CP] Check Pods Manifest.lock";
			outputFileListPaths = (
			);
			outputPaths = (
				"$(DERIVED_FILE_DIR)/Pods-V2EX-checkManifestLockResult.txt",
			);
			runOnlyForDeploymentPostprocessing = 0;
			shellPath = /bin/sh;
			shellScript = "diff \"${PODS_PODFILE_DIR_PATH}/Podfile.lock\" \"${PODS_ROOT}/Manifest.lock\" > /dev/null\nif [ $? != 0 ] ; then\n    # print error to STDERR\n    echo \"error: The sandbox is not in sync with the Podfile.lock. Run 'pod install' or update your CocoaPods installation.\" >&2\n    exit 1\nfi\n# This output is used by Xcode 'outputs' to avoid re-running this script phase.\necho \"SUCCESS\" > \"${SCRIPT_OUTPUT_FILE_0}\"\n";
			showEnvVarsInLog = 0;
		};
		9887FA05AA79D99EA27FB91B /* [CP] Embed Pods Frameworks */ = {
			isa = PBXShellScriptBuildPhase;
			buildActionMask = 2147483647;
			files = (
			);
			inputFileListPaths = (
				"${PODS_ROOT}/Target Support Files/Pods-V2EX/Pods-V2EX-frameworks-${CONFIGURATION}-input-files.xcfilelist",
			);
			name = "[CP] Embed Pods Frameworks";
			outputFileListPaths = (
				"${PODS_ROOT}/Target Support Files/Pods-V2EX/Pods-V2EX-frameworks-${CONFIGURATION}-output-files.xcfilelist",
			);
			runOnlyForDeploymentPostprocessing = 0;
			shellPath = /bin/sh;
			shellScript = "\"${PODS_ROOT}/Target Support Files/Pods-V2EX/Pods-V2EX-frameworks.sh\"\n";
			showEnvVarsInLog = 0;
		};
/* End PBXShellScriptBuildPhase section */

/* Begin PBXSourcesBuildPhase section */
		8A9669D324179C71000089B7 /* Sources */ = {
			isa = PBXSourcesBuildPhase;
			buildActionMask = 2147483647;
			files = (
				8A69D3A92418CADC00208BA7 /* Error.swift in Sources */,
				8A69D3B22418E8AB00208BA7 /* UIScrollView+Additions.swift in Sources */,
				8A69D3952418A33C00208BA7 /* SideMenuViewController.swift in Sources */,
				8A69D3972418A38F00208BA7 /* SideMenuNavigationController.swift in Sources */,
				8ADFDD42241A02340098D5B0 /* SiteStatus.swift in Sources */,
				8A69D39D2418B5F100208BA7 /* String+Additions.swift in Sources */,
				8ADFDD4C241B6D430098D5B0 /* TopicsFilterNodeCell.swift in Sources */,
				8A69D3AB2418CBFE00208BA7 /* ErrorView.swift in Sources */,
				8A9669FA24188A25000089B7 /* UIImage+Additions.swift in Sources */,
				8ADFDD4E241B6D720098D5B0 /* TopicsFilterNodeSectionHeaderView.swift in Sources */,
				8A69D3B02418E58500208BA7 /* APIRequest.swift in Sources */,
				8A9669DF24179C71000089B7 /* ViewController.swift in Sources */,
				8A69D3AD2418CDC600208BA7 /* TopicCell.swift in Sources */,
				8A69D3A22418C4B000208BA7 /* Node.swift in Sources */,
				8A9669DB24179C71000089B7 /* AppDelegate.swift in Sources */,
				8A9669F824188673000089B7 /* UIBarButtonItem+Additions.swift in Sources */,
				8A69D3A62418C4CF00208BA7 /* User.swift in Sources */,
				8A9669F5241878FD000089B7 /* ThemeNavigationController.swift in Sources */,
				8AA74AED2419F0D100A0743F /* SiteInfo.swift in Sources */,
				8ADFDD46241A15DE0098D5B0 /* APIService.swift in Sources */,
				8ADFDD44241A0E800098D5B0 /* Reply.swift in Sources */,
				8ADFDD48241B46B70098D5B0 /* MBHUD.swift in Sources */,
				8ADFDD4A241B5CF60098D5B0 /* TopicsFilterViewController.swift in Sources */,
				8A9669F32418768F000089B7 /* RootViewController.swift in Sources */,
				8A69D3992418AB7600208BA7 /* TopicsViewController.swift in Sources */,
				8A69D39B2418ABB900208BA7 /* RootTopicsViewController.swift in Sources */,
				8A9669F024187522000089B7 /* Constants.swift in Sources */,
				8A69D3A42418C4C500208BA7 /* Topic.swift in Sources */,
			);
			runOnlyForDeploymentPostprocessing = 0;
		};
/* End PBXSourcesBuildPhase section */

/* Begin PBXVariantGroup section */
		8A9669E024179C71000089B7 /* Main.storyboard */ = {
			isa = PBXVariantGroup;
			children = (
				8A9669E124179C71000089B7 /* Base */,
				8ADFDD54241F21060098D5B0 /* zh-Hans */,
			);
			name = Main.storyboard;
			sourceTree = "<group>";
		};
		8A9669E524179C75000089B7 /* LaunchScreen.storyboard */ = {
			isa = PBXVariantGroup;
			children = (
				8A9669E624179C75000089B7 /* Base */,
				8ADFDD55241F21060098D5B0 /* zh-Hans */,
			);
			name = LaunchScreen.storyboard;
			sourceTree = "<group>";
		};
		8ADFDD53241F20B30098D5B0 /* Localizable.strings */ = {
			isa = PBXVariantGroup;
			children = (
				8ADFDD52241F20B30098D5B0 /* en */,
				8ADFDD56241F21060098D5B0 /* zh-Hans */,
			);
			name = Localizable.strings;
			sourceTree = "<group>";
		};
/* End PBXVariantGroup section */

/* Begin XCBuildConfiguration section */
		8A9669E924179C75000089B7 /* Debug */ = {
			isa = XCBuildConfiguration;
			buildSettings = {
				ALWAYS_SEARCH_USER_PATHS = NO;
				CLANG_ANALYZER_LOCALIZABILITY_NONLOCALIZED = YES;
				CLANG_ANALYZER_NONNULL = YES;
				CLANG_ANALYZER_NUMBER_OBJECT_CONVERSION = YES_AGGRESSIVE;
				CLANG_CXX_LANGUAGE_STANDARD = "gnu++14";
				CLANG_CXX_LIBRARY = "libc++";
				CLANG_ENABLE_MODULES = YES;
				CLANG_ENABLE_OBJC_ARC = YES;
				CLANG_ENABLE_OBJC_WEAK = YES;
				CLANG_WARN_BLOCK_CAPTURE_AUTORELEASING = YES;
				CLANG_WARN_BOOL_CONVERSION = YES;
				CLANG_WARN_COMMA = YES;
				CLANG_WARN_CONSTANT_CONVERSION = YES;
				CLANG_WARN_DEPRECATED_OBJC_IMPLEMENTATIONS = YES;
				CLANG_WARN_DIRECT_OBJC_ISA_USAGE = YES_ERROR;
				CLANG_WARN_DOCUMENTATION_COMMENTS = YES;
				CLANG_WARN_EMPTY_BODY = YES;
				CLANG_WARN_ENUM_CONVERSION = YES;
				CLANG_WARN_INFINITE_RECURSION = YES;
				CLANG_WARN_INT_CONVERSION = YES;
				CLANG_WARN_NON_LITERAL_NULL_CONVERSION = YES;
				CLANG_WARN_OBJC_IMPLICIT_RETAIN_SELF = YES;
				CLANG_WARN_OBJC_LITERAL_CONVERSION = YES;
				CLANG_WARN_OBJC_ROOT_CLASS = YES_ERROR;
				CLANG_WARN_RANGE_LOOP_ANALYSIS = YES;
				CLANG_WARN_STRICT_PROTOTYPES = YES;
				CLANG_WARN_SUSPICIOUS_MOVE = YES;
				CLANG_WARN_UNGUARDED_AVAILABILITY = YES_AGGRESSIVE;
				CLANG_WARN_UNREACHABLE_CODE = YES;
				CLANG_WARN__DUPLICATE_METHOD_MATCH = YES;
				COPY_PHASE_STRIP = NO;
				DEBUG_INFORMATION_FORMAT = dwarf;
				ENABLE_STRICT_OBJC_MSGSEND = YES;
				ENABLE_TESTABILITY = YES;
				GCC_C_LANGUAGE_STANDARD = gnu11;
				GCC_DYNAMIC_NO_PIC = NO;
				GCC_NO_COMMON_BLOCKS = YES;
				GCC_OPTIMIZATION_LEVEL = 0;
				GCC_PREPROCESSOR_DEFINITIONS = (
					"DEBUG=1",
					"$(inherited)",
				);
				GCC_WARN_64_TO_32_BIT_CONVERSION = YES;
				GCC_WARN_ABOUT_RETURN_TYPE = YES_ERROR;
				GCC_WARN_UNDECLARED_SELECTOR = YES;
				GCC_WARN_UNINITIALIZED_AUTOS = YES_AGGRESSIVE;
				GCC_WARN_UNUSED_FUNCTION = YES;
				GCC_WARN_UNUSED_VARIABLE = YES;
				IPHONEOS_DEPLOYMENT_TARGET = 13.1;
				MTL_ENABLE_DEBUG_INFO = INCLUDE_SOURCE;
				MTL_FAST_MATH = YES;
				ONLY_ACTIVE_ARCH = YES;
				SDKROOT = iphoneos;
				SWIFT_ACTIVE_COMPILATION_CONDITIONS = DEBUG;
				SWIFT_OPTIMIZATION_LEVEL = "-Onone";
			};
			name = Debug;
		};
		8A9669EA24179C75000089B7 /* Release */ = {
			isa = XCBuildConfiguration;
			buildSettings = {
				ALWAYS_SEARCH_USER_PATHS = NO;
				CLANG_ANALYZER_LOCALIZABILITY_NONLOCALIZED = YES;
				CLANG_ANALYZER_NONNULL = YES;
				CLANG_ANALYZER_NUMBER_OBJECT_CONVERSION = YES_AGGRESSIVE;
				CLANG_CXX_LANGUAGE_STANDARD = "gnu++14";
				CLANG_CXX_LIBRARY = "libc++";
				CLANG_ENABLE_MODULES = YES;
				CLANG_ENABLE_OBJC_ARC = YES;
				CLANG_ENABLE_OBJC_WEAK = YES;
				CLANG_WARN_BLOCK_CAPTURE_AUTORELEASING = YES;
				CLANG_WARN_BOOL_CONVERSION = YES;
				CLANG_WARN_COMMA = YES;
				CLANG_WARN_CONSTANT_CONVERSION = YES;
				CLANG_WARN_DEPRECATED_OBJC_IMPLEMENTATIONS = YES;
				CLANG_WARN_DIRECT_OBJC_ISA_USAGE = YES_ERROR;
				CLANG_WARN_DOCUMENTATION_COMMENTS = YES;
				CLANG_WARN_EMPTY_BODY = YES;
				CLANG_WARN_ENUM_CONVERSION = YES;
				CLANG_WARN_INFINITE_RECURSION = YES;
				CLANG_WARN_INT_CONVERSION = YES;
				CLANG_WARN_NON_LITERAL_NULL_CONVERSION = YES;
				CLANG_WARN_OBJC_IMPLICIT_RETAIN_SELF = YES;
				CLANG_WARN_OBJC_LITERAL_CONVERSION = YES;
				CLANG_WARN_OBJC_ROOT_CLASS = YES_ERROR;
				CLANG_WARN_RANGE_LOOP_ANALYSIS = YES;
				CLANG_WARN_STRICT_PROTOTYPES = YES;
				CLANG_WARN_SUSPICIOUS_MOVE = YES;
				CLANG_WARN_UNGUARDED_AVAILABILITY = YES_AGGRESSIVE;
				CLANG_WARN_UNREACHABLE_CODE = YES;
				CLANG_WARN__DUPLICATE_METHOD_MATCH = YES;
				COPY_PHASE_STRIP = NO;
				DEBUG_INFORMATION_FORMAT = "dwarf-with-dsym";
				ENABLE_NS_ASSERTIONS = NO;
				ENABLE_STRICT_OBJC_MSGSEND = YES;
				GCC_C_LANGUAGE_STANDARD = gnu11;
				GCC_NO_COMMON_BLOCKS = YES;
				GCC_WARN_64_TO_32_BIT_CONVERSION = YES;
				GCC_WARN_ABOUT_RETURN_TYPE = YES_ERROR;
				GCC_WARN_UNDECLARED_SELECTOR = YES;
				GCC_WARN_UNINITIALIZED_AUTOS = YES_AGGRESSIVE;
				GCC_WARN_UNUSED_FUNCTION = YES;
				GCC_WARN_UNUSED_VARIABLE = YES;
				IPHONEOS_DEPLOYMENT_TARGET = 13.1;
				MTL_ENABLE_DEBUG_INFO = NO;
				MTL_FAST_MATH = YES;
				SDKROOT = iphoneos;
				SWIFT_COMPILATION_MODE = wholemodule;
				SWIFT_OPTIMIZATION_LEVEL = "-O";
				VALIDATE_PRODUCT = YES;
			};
			name = Release;
		};
		8A9669EC24179C75000089B7 /* Debug */ = {
			isa = XCBuildConfiguration;
			baseConfigurationReference = CB0E25AB03F3EB187C42C370 /* Pods-V2EX.debug.xcconfig */;
			buildSettings = {
				ASSETCATALOG_COMPILER_APPICON_NAME = AppIcon;
				CODE_SIGN_STYLE = Automatic;
				INFOPLIST_FILE = "V2EX/Supporting Files/Info.plist";
				IPHONEOS_DEPLOYMENT_TARGET = 9.0;
				LD_RUNPATH_SEARCH_PATHS = (
					"$(inherited)",
					"@executable_path/Frameworks",
				);
				MARKETING_VERSION = 1.0.0;
				PRODUCT_BUNDLE_IDENTIFIER = com.webbleen.v2ex;
				PRODUCT_NAME = "$(TARGET_NAME)";
				SWIFT_VERSION = 5.0;
				TARGETED_DEVICE_FAMILY = 1;
			};
			name = Debug;
		};
		8A9669ED24179C75000089B7 /* Release */ = {
			isa = XCBuildConfiguration;
			baseConfigurationReference = 431F4DDD95D973B47D9F013C /* Pods-V2EX.release.xcconfig */;
			buildSettings = {
				ASSETCATALOG_COMPILER_APPICON_NAME = AppIcon;
				CODE_SIGN_STYLE = Automatic;
				INFOPLIST_FILE = "V2EX/Supporting Files/Info.plist";
				IPHONEOS_DEPLOYMENT_TARGET = 9.0;
				LD_RUNPATH_SEARCH_PATHS = (
					"$(inherited)",
					"@executable_path/Frameworks",
				);
				MARKETING_VERSION = 1.0.0;
				PRODUCT_BUNDLE_IDENTIFIER = com.webbleen.v2ex;
				PRODUCT_NAME = "$(TARGET_NAME)";
				SWIFT_VERSION = 5.0;
				TARGETED_DEVICE_FAMILY = 1;
			};
			name = Release;
		};
/* End XCBuildConfiguration section */

/* Begin XCConfigurationList section */
		8A9669D224179C71000089B7 /* Build configuration list for PBXProject "V2EX" */ = {
			isa = XCConfigurationList;
			buildConfigurations = (
				8A9669E924179C75000089B7 /* Debug */,
				8A9669EA24179C75000089B7 /* Release */,
			);
			defaultConfigurationIsVisible = 0;
			defaultConfigurationName = Release;
		};
		8A9669EB24179C75000089B7 /* Build configuration list for PBXNativeTarget "V2EX" */ = {
			isa = XCConfigurationList;
			buildConfigurations = (
				8A9669EC24179C75000089B7 /* Debug */,
				8A9669ED24179C75000089B7 /* Release */,
			);
			defaultConfigurationIsVisible = 0;
			defaultConfigurationName = Release;
		};
/* End XCConfigurationList section */
	};
	rootObject = 8A9669CF24179C71000089B7 /* Project object */;
}
